
Microsoft Visual Studio Solution File, Format Version 12.00
# Visual Studio Version 16
VisualStudioVersion = 16.0.30717.126
MinimumVisualStudioVersion = 10.0.40219.1
Project("{FAE04EC0-301F-11D3-BF4B-00C04F79EFBC}") = "Education.Common.ServiceContracts", "Education.Common.ServiceContracts\Education.Common.ServiceContracts.csproj", "{59AF5409-E11B-4D43-860A-0F2515E87083}"
EndProject
Project("{2150E333-8FDC-42A3-9474-1A3956D46DE8}") = "01_Communication", "01_Communication", "{8CB226B9-5425-463C-8930-0E249747E45D}"
EndProject
Global
	GlobalSection(SolutionConfigurationPlatforms) = preSolution
		Debug|Any CPU = Debug|Any CPU
		Release|Any CPU = Release|Any CPU
	EndGlobalSection
	GlobalSection(ProjectConfigurationPlatforms) = postSolution
		{59AF5409-E11B-4D43-860A-0F2515E87083}.Debug|Any CPU.ActiveCfg = Debug|Any CPU
		{59AF5409-E11B-4D43-860A-0F2515E87083}.Debug|Any CPU.Build.0 = Debug|Any CPU
		{59AF5409-E11B-4D43-860A-0F2515E87083}.Release|Any CPU.ActiveCfg = Release|Any CPU
		{59AF5409-E11B-4D43-860A-0F2515E87083}.Release|Any CPU.Build.0 = Release|Any CPU
	EndGlobalSection
	GlobalSection(SolutionProperties) = preSolution
		HideSolutionNode = FALSE
	EndGlobalSection
	GlobalSection(NestedProjects) = preSolution
		{59AF5409-E11B-4D43-860A-0F2515E87083} = {8CB226B9-5425-463C-8930-0E249747E45D}
	EndGlobalSection
	GlobalSection(ExtensibilityGlobals) = postSolution
		SolutionGuid = {0255FB37-C337-4F5B-9E73-BE0F508AE963}
	EndGlobalSection
EndGlobal
